
Microsoft Visual Studio Solution File, Format Version 12.00
# Visual Studio Version 17
VisualStudioVersion = 17.3.32825.248
MinimumVisualStudioVersion = 10.0.40219.1
Project("{FAE04EC0-301F-11D3-BF4B-00C04F79EFBC}") = "AdvertApi", "AdvertApi.csproj", "{CFBFAAA2-C396-49E6-AF70-F95EE318ED86}"
EndProject
Project("{FAE04EC0-301F-11D3-BF4B-00C04F79EFBC}") = "AdvertApi.Models", "..\AdvertApi.Models\AdvertApi.Models.csproj", "{1D13B677-9677-4ACC-A1B6-321ED44A06BD}"
EndProject
Global
	GlobalSection(SolutionConfigurationPlatforms) = preSolution
		Debug|Any CPU = Debug|Any CPU
		Release|Any CPU = Release|Any CPU
	EndGlobalSection
	GlobalSection(ProjectConfigurationPlatforms) = postSolution
		{CFBFAAA2-C396-49E6-AF70-F95EE318ED86}.Debug|Any CPU.ActiveCfg = Debug|Any CPU
		{CFBFAAA2-C396-49E6-AF70-F95EE318ED86}.Debug|Any CPU.Build.0 = Debug|Any CPU
		{CFBFAAA2-C396-49E6-AF70-F95EE318ED86}.Release|Any CPU.ActiveCfg = Release|Any CPU
		{CFBFAAA2-C396-49E6-AF70-F95EE318ED86}.Release|Any CPU.Build.0 = Release|Any CPU
		{1D13B677-9677-4ACC-A1B6-321ED44A06BD}.Debug|Any CPU.ActiveCfg = Debug|Any CPU
		{1D13B677-9677-4ACC-A1B6-321ED44A06BD}.Debug|Any CPU.Build.0 = Debug|Any CPU
		{1D13B677-9677-4ACC-A1B6-321ED44A06BD}.Release|Any CPU.ActiveCfg = Release|Any CPU
		{1D13B677-9677-4ACC-A1B6-321ED44A06BD}.Release|Any CPU.Build.0 = Release|Any CPU
	EndGlobalSection
	GlobalSection(SolutionProperties) = preSolution
		HideSolutionNode = FALSE
	EndGlobalSection
	GlobalSection(ExtensibilityGlobals) = postSolution
		SolutionGuid = {2D0DA72E-5C8F-4C58-9EBE-7710678BBEA4}
	EndGlobalSection
EndGlobal
